
Microsoft Visual Studio Solution File, Format Version 12.00
# Visual Studio Version 17
VisualStudioVersion = 17.13.35931.197 d17.13
MinimumVisualStudioVersion = 10.0.40219.1
Project("{FAE04EC0-301F-11D3-BF4B-00C04F79EFBC}") = "OrderLibrary", "OrderLibrary\OrderLibrary.csproj", "{6EA34A04-C447-440C-9A32-9740343A5389}"
EndProject
Project("{FAE04EC0-301F-11D3-BF4B-00C04F79EFBC}") = "OrderLibrary.Tests", "OrderTests\OrderLibrary.Tests.csproj", "{DBFBCE2C-1EF3-4C6B-B0B2-22B6DDA1BD89}"
EndProject
Global
	GlobalSection(SolutionConfigurationPlatforms) = preSolution
		Debug|Any CPU = Debug|Any CPU
		Release|Any CPU = Release|Any CPU
	EndGlobalSection
	GlobalSection(ProjectConfigurationPlatforms) = postSolution
		{6EA34A04-C447-440C-9A32-9740343A5389}.Debug|Any CPU.ActiveCfg = Debug|Any CPU
		{6EA34A04-C447-440C-9A32-9740343A5389}.Debug|Any CPU.Build.0 = Debug|Any CPU
		{6EA34A04-C447-440C-9A32-9740343A5389}.Release|Any CPU.ActiveCfg = Release|Any CPU
		{6EA34A04-C447-440C-9A32-9740343A5389}.Release|Any CPU.Build.0 = Release|Any CPU
		{DBFBCE2C-1EF3-4C6B-B0B2-22B6DDA1BD89}.Debug|Any CPU.ActiveCfg = Debug|Any CPU
		{DBFBCE2C-1EF3-4C6B-B0B2-22B6DDA1BD89}.Debug|Any CPU.Build.0 = Debug|Any CPU
		{DBFBCE2C-1EF3-4C6B-B0B2-22B6DDA1BD89}.Release|Any CPU.ActiveCfg = Release|Any CPU
		{DBFBCE2C-1EF3-4C6B-B0B2-22B6DDA1BD89}.Release|Any CPU.Build.0 = Release|Any CPU
	EndGlobalSection
	GlobalSection(SolutionProperties) = preSolution
		HideSolutionNode = FALSE
	EndGlobalSection
	GlobalSection(ExtensibilityGlobals) = postSolution
		SolutionGuid = {505F5269-151E-4A13-A58B-80753932D40D}
	EndGlobalSection
EndGlobal
